
Microsoft Visual Studio Solution File, Format Version 12.00
# Visual Studio 15
VisualStudioVersion = 15.0.28307.329
MinimumVisualStudioVersion = 10.0.40219.1
Project("{FAE04EC0-301F-11D3-BF4B-00C04F79EFBC}") = "MvcVirtualPets", "MvcVirtualPets\MvcVirtualPets.csproj", "{61F7CC77-B863-44E4-94E8-D8B2DB553BC9}"
EndProject
Project("{FAE04EC0-301F-11D3-BF4B-00C04F79EFBC}") = "MvcVirtualPets.Tests", "MvcVirtualPets.Tests\MvcVirtualPets.Tests.csproj", "{EAE3A9DB-69E7-4C72-9C60-A48DAF871706}"
EndProject
Global
	GlobalSection(SolutionConfigurationPlatforms) = preSolution
		Debug|Any CPU = Debug|Any CPU
		Release|Any CPU = Release|Any CPU
	EndGlobalSection
	GlobalSection(ProjectConfigurationPlatforms) = postSolution
		{61F7CC77-B863-44E4-94E8-D8B2DB553BC9}.Debug|Any CPU.ActiveCfg = Debug|Any CPU
		{61F7CC77-B863-44E4-94E8-D8B2DB553BC9}.Debug|Any CPU.Build.0 = Debug|Any CPU
		{61F7CC77-B863-44E4-94E8-D8B2DB553BC9}.Release|Any CPU.ActiveCfg = Release|Any CPU
		{61F7CC77-B863-44E4-94E8-D8B2DB553BC9}.Release|Any CPU.Build.0 = Release|Any CPU
		{EAE3A9DB-69E7-4C72-9C60-A48DAF871706}.Debug|Any CPU.ActiveCfg = Debug|Any CPU
		{EAE3A9DB-69E7-4C72-9C60-A48DAF871706}.Debug|Any CPU.Build.0 = Debug|Any CPU
		{EAE3A9DB-69E7-4C72-9C60-A48DAF871706}.Release|Any CPU.ActiveCfg = Release|Any CPU
		{EAE3A9DB-69E7-4C72-9C60-A48DAF871706}.Release|Any CPU.Build.0 = Release|Any CPU
	EndGlobalSection
	GlobalSection(SolutionProperties) = preSolution
		HideSolutionNode = FALSE
	EndGlobalSection
	GlobalSection(ExtensibilityGlobals) = postSolution
		SolutionGuid = {40118766-EFA7-411E-AF9F-F86FAA86B801}
	EndGlobalSection
EndGlobal
